
Microsoft Visual Studio Solution File, Format Version 12.00
# Visual Studio Version 16
VisualStudioVersion = 16.0.29418.71
MinimumVisualStudioVersion = 10.0.40219.1
Project("{9A19103F-16F7-4668-BE54-9A1E7A4F7556}") = "Pootis-Bot", "Pootis-Bot\Pootis-Bot.csproj", "{EAFFED46-018D-4DF3-9E7A-B4FF720D4C07}"
EndProject
Project("{9A19103F-16F7-4668-BE54-9A1E7A4F7556}") = "Pootis-Bot.PackageDownloader", "Pootis-Bot.PackageDownloader\Pootis-Bot.PackageDownloader.csproj", "{15B80991-EC89-4C73-99BD-FB7DCF76A8D6}"
EndProject
Project("{9A19103F-16F7-4668-BE54-9A1E7A4F7556}") = "Pootis-Bot.Tests", "Pootis-Bot.Tests\Pootis-Bot.Tests.csproj", "{D688BBF1-48D3-44D0-A729-4E941A9743B1}"
EndProject
Project("{9A19103F-16F7-4668-BE54-9A1E7A4F7556}") = "Pootis-Bot.Core", "Pootis-Bot.Core\Pootis-Bot.Core.csproj", "{3D10096F-5576-4E51-AD70-BD20D928F2C1}"
EndProject
Project("{2150E333-8FDC-42A3-9474-1A3956D46DE8}") = "Modules", "Modules", "{32EE362B-EDE9-49FE-93D3-B72D4B3228A1}"
EndProject
Project("{2150E333-8FDC-42A3-9474-1A3956D46DE8}") = "Properties", "Properties", "{579D132A-1E20-4255-AC8B-B69BA8DF97CF}"
	ProjectSection(SolutionItems) = preProject
		GeneralProperties.props = GeneralProperties.props
		ModulesProperties.props = ModulesProperties.props
	EndProjectSection
EndProject
Project("{9A19103F-16F7-4668-BE54-9A1E7A4F7556}") = "Pootis-Bot.Module.Basic", "Modules\Pootis-Bot.Module.Basic\Pootis-Bot.Module.Basic.csproj", "{D31B3CB9-AB41-4134-9345-2FF70F4AAAF0}"
EndProject
Project("{9A19103F-16F7-4668-BE54-9A1E7A4F7556}") = "Pootis-Bot.Module.Profiles", "Modules\Pootis-Bot.Module.Profiles\Pootis-Bot.Module.Profiles.csproj", "{209671DE-3C9C-41AA-8229-06B8B46F0EE0}"
EndProject
Project("{FAE04EC0-301F-11D3-BF4B-00C04F79EFBC}") = "Pootis-Bot.Module.AutoVC", "Modules\Pootis-Bot.Module.AutoVC\Pootis-Bot.Module.AutoVC.csproj", "{43DECB97-DCEF-4C82-8AB6-65070E9AC92A}"
EndProject
Project("{FAE04EC0-301F-11D3-BF4B-00C04F79EFBC}") = "Pootis-Bot.Module.RuleReaction", "Modules\Pootis-Bot.Module.RuleReaction\Pootis-Bot.Module.RuleReaction.csproj", "{A3B70EE6-51D1-42F4-A59D-81201C288969}"
EndProject
Project("{FAE04EC0-301F-11D3-BF4B-00C04F79EFBC}") = "Pootis-Bot.Module.WelcomeMessage", "Modules\Pootis-Bot.Module.WelcomeMessage\Pootis-Bot.Module.WelcomeMessage.csproj", "{A7C5CED9-A9D4-4A16-8764-AA48AE385B19}"
EndProject
Project("{FAE04EC0-301F-11D3-BF4B-00C04F79EFBC}") = "Pootis-Bot.Module.RPermissions", "Modules\Pootis-Bot.Module.RPermissions\Pootis-Bot.Module.RPermissions.csproj", "{8B6D79A6-5972-4B91-9961-EB8E6DF316C6}"
EndProject
Global
	GlobalSection(SolutionConfigurationPlatforms) = preSolution
		Debug|x64 = Debug|x64
		Release|x64 = Release|x64
	EndGlobalSection
	GlobalSection(ProjectConfigurationPlatforms) = postSolution
		{EAFFED46-018D-4DF3-9E7A-B4FF720D4C07}.Debug|x64.ActiveCfg = Debug|x64
		{EAFFED46-018D-4DF3-9E7A-B4FF720D4C07}.Debug|x64.Build.0 = Debug|x64
		{EAFFED46-018D-4DF3-9E7A-B4FF720D4C07}.Release|x64.ActiveCfg = Release|x64
		{EAFFED46-018D-4DF3-9E7A-B4FF720D4C07}.Release|x64.Build.0 = Release|x64
		{15B80991-EC89-4C73-99BD-FB7DCF76A8D6}.Debug|x64.ActiveCfg = Debug|x64
		{15B80991-EC89-4C73-99BD-FB7DCF76A8D6}.Debug|x64.Build.0 = Debug|x64
		{15B80991-EC89-4C73-99BD-FB7DCF76A8D6}.Release|x64.ActiveCfg = Release|x64
		{15B80991-EC89-4C73-99BD-FB7DCF76A8D6}.Release|x64.Build.0 = Release|x64
		{D688BBF1-48D3-44D0-A729-4E941A9743B1}.Debug|x64.ActiveCfg = Debug|x64
		{D688BBF1-48D3-44D0-A729-4E941A9743B1}.Debug|x64.Build.0 = Debug|x64
		{D688BBF1-48D3-44D0-A729-4E941A9743B1}.Release|x64.ActiveCfg = Release|x64
		{D688BBF1-48D3-44D0-A729-4E941A9743B1}.Release|x64.Build.0 = Release|x64
		{3D10096F-5576-4E51-AD70-BD20D928F2C1}.Debug|x64.ActiveCfg = Debug|x64
		{3D10096F-5576-4E51-AD70-BD20D928F2C1}.Debug|x64.Build.0 = Debug|x64
		{3D10096F-5576-4E51-AD70-BD20D928F2C1}.Release|x64.ActiveCfg = Release|x64
		{3D10096F-5576-4E51-AD70-BD20D928F2C1}.Release|x64.Build.0 = Release|x64
		{D31B3CB9-AB41-4134-9345-2FF70F4AAAF0}.Debug|x64.ActiveCfg = Debug|x64
		{D31B3CB9-AB41-4134-9345-2FF70F4AAAF0}.Debug|x64.Build.0 = Debug|x64
		{D31B3CB9-AB41-4134-9345-2FF70F4AAAF0}.Release|x64.ActiveCfg = Release|x64
		{D31B3CB9-AB41-4134-9345-2FF70F4AAAF0}.Release|x64.Build.0 = Release|x64
		{209671DE-3C9C-41AA-8229-06B8B46F0EE0}.Debug|x64.ActiveCfg = Debug|x64
		{209671DE-3C9C-41AA-8229-06B8B46F0EE0}.Debug|x64.Build.0 = Debug|x64
		{209671DE-3C9C-41AA-8229-06B8B46F0EE0}.Release|x64.ActiveCfg = Release|x64
		{209671DE-3C9C-41AA-8229-06B8B46F0EE0}.Release|x64.Build.0 = Release|x64
		{43DECB97-DCEF-4C82-8AB6-65070E9AC92A}.Debug|x64.ActiveCfg = Debug|x64
		{43DECB97-DCEF-4C82-8AB6-65070E9AC92A}.Debug|x64.Build.0 = Debug|x64
		{43DECB97-DCEF-4C82-8AB6-65070E9AC92A}.Release|x64.ActiveCfg = Release|x64
		{43DECB97-DCEF-4C82-8AB6-65070E9AC92A}.Release|x64.Build.0 = Release|x64
		{A3B70EE6-51D1-42F4-A59D-81201C288969}.Debug|x64.ActiveCfg = Debug|x64
		{A3B70EE6-51D1-42F4-A59D-81201C288969}.Debug|x64.Build.0 = Debug|x64
		{A3B70EE6-51D1-42F4-A59D-81201C288969}.Release|x64.ActiveCfg = Release|x64
		{A3B70EE6-51D1-42F4-A59D-81201C288969}.Release|x64.Build.0 = Release|x64
		{A7C5CED9-A9D4-4A16-8764-AA48AE385B19}.Debug|x64.ActiveCfg = Debug|x64
		{A7C5CED9-A9D4-4A16-8764-AA48AE385B19}.Debug|x64.Build.0 = Debug|x64
		{A7C5CED9-A9D4-4A16-8764-AA48AE385B19}.Release|x64.ActiveCfg = Release|x64
		{A7C5CED9-A9D4-4A16-8764-AA48AE385B19}.Release|x64.Build.0 = Release|x64
		{8B6D79A6-5972-4B91-9961-EB8E6DF316C6}.Debug|x64.ActiveCfg = Debug|x64
		{8B6D79A6-5972-4B91-9961-EB8E6DF316C6}.Debug|x64.Build.0 = Debug|x64
		{8B6D79A6-5972-4B91-9961-EB8E6DF316C6}.Release|x64.ActiveCfg = Release|x64
		{8B6D79A6-5972-4B91-9961-EB8E6DF316C6}.Release|x64.Build.0 = Release|x64
	EndGlobalSection
	GlobalSection(SolutionProperties) = preSolution
		HideSolutionNode = FALSE
	EndGlobalSection
	GlobalSection(NestedProjects) = preSolution
		{D31B3CB9-AB41-4134-9345-2FF70F4AAAF0} = {32EE362B-EDE9-49FE-93D3-B72D4B3228A1}
		{209671DE-3C9C-41AA-8229-06B8B46F0EE0} = {32EE362B-EDE9-49FE-93D3-B72D4B3228A1}
		{43DECB97-DCEF-4C82-8AB6-65070E9AC92A} = {32EE362B-EDE9-49FE-93D3-B72D4B3228A1}
		{A3B70EE6-51D1-42F4-A59D-81201C288969} = {32EE362B-EDE9-49FE-93D3-B72D4B3228A1}
		{A7C5CED9-A9D4-4A16-8764-AA48AE385B19} = {32EE362B-EDE9-49FE-93D3-B72D4B3228A1}
		{8B6D79A6-5972-4B91-9961-EB8E6DF316C6} = {32EE362B-EDE9-49FE-93D3-B72D4B3228A1}
	EndGlobalSection
	GlobalSection(ExtensibilityGlobals) = postSolution
		SolutionGuid = {F633C8E5-4849-4385-8482-1EE7166D39CF}
	EndGlobalSection
EndGlobal
