
Microsoft Visual Studio Solution File, Format Version 12.00
# Visual Studio Version 16
VisualStudioVersion = 16.0.29418.71
MinimumVisualStudioVersion = 10.0.40219.1
Project("{9A19103F-16F7-4668-BE54-9A1E7A4F7556}") = "Pootis-Bot", "Pootis-Bot\Pootis-Bot.csproj", "{EAFFED46-018D-4DF3-9E7A-B4FF720D4C07}"
EndProject
Project("{9A19103F-16F7-4668-BE54-9A1E7A4F7556}") = "Pootis-Bot.PackageDownloader", "Pootis-Bot.PackageDownloader\Pootis-Bot.PackageDownloader.csproj", "{15B80991-EC89-4C73-99BD-FB7DCF76A8D6}"
EndProject
Project("{9A19103F-16F7-4668-BE54-9A1E7A4F7556}") = "Pootis-Bot.Tests", "Pootis-Bot.Tests\Pootis-Bot.Tests.csproj", "{D688BBF1-48D3-44D0-A729-4E941A9743B1}"
EndProject
Project("{9A19103F-16F7-4668-BE54-9A1E7A4F7556}") = "Pootis-Bot.Core", "Pootis-Bot.Core\Pootis-Bot.Core.csproj", "{3D10096F-5576-4E51-AD70-BD20D928F2C1}"
EndProject
Project("{2150E333-8FDC-42A3-9474-1A3956D46DE8}") = "Modules", "Modules", "{32EE362B-EDE9-49FE-93D3-B72D4B3228A1}"
EndProject
Project("{9A19103F-16F7-4668-BE54-9A1E7A4F7556}") = "Pootis-Bot.Module.Test", "Modules\Pootis-Bot.Module.Test\Pootis-Bot.Module.Test.csproj", "{B99B4005-B018-4524-960D-058CE7948837}"
EndProject
Project("{2150E333-8FDC-42A3-9474-1A3956D46DE8}") = "Properties", "Properties", "{579D132A-1E20-4255-AC8B-B69BA8DF97CF}"
	ProjectSection(SolutionItems) = preProject
		GeneralProperties.props = GeneralProperties.props
	EndProjectSection
EndProject
Project("{9A19103F-16F7-4668-BE54-9A1E7A4F7556}") = "Pootis-Bot.Shared", "Pootis-Bot.Shared\Pootis-Bot.Shared.csproj", "{4A0B6C86-59E7-413F-9D58-9DE7FA3CA850}"
EndProject
Project("{9A19103F-16F7-4668-BE54-9A1E7A4F7556}") = "Pootis-Bot.Module.Test2", "Modules\Pootis-Bot.Module.Test2\Pootis-Bot.Module.Test2.csproj", "{480AFB8C-F319-425E-A50E-DC877A12AC87}"
EndProject
Global
	GlobalSection(SolutionConfigurationPlatforms) = preSolution
		Debug|x64 = Debug|x64
		Release|x64 = Release|x64
	EndGlobalSection
	GlobalSection(ProjectConfigurationPlatforms) = postSolution
		{EAFFED46-018D-4DF3-9E7A-B4FF720D4C07}.Debug|x64.ActiveCfg = Debug|x64
		{EAFFED46-018D-4DF3-9E7A-B4FF720D4C07}.Debug|x64.Build.0 = Debug|x64
		{EAFFED46-018D-4DF3-9E7A-B4FF720D4C07}.Release|x64.ActiveCfg = Release|x64
		{EAFFED46-018D-4DF3-9E7A-B4FF720D4C07}.Release|x64.Build.0 = Release|x64
		{15B80991-EC89-4C73-99BD-FB7DCF76A8D6}.Debug|x64.ActiveCfg = Debug|x64
		{15B80991-EC89-4C73-99BD-FB7DCF76A8D6}.Debug|x64.Build.0 = Debug|x64
		{15B80991-EC89-4C73-99BD-FB7DCF76A8D6}.Release|x64.ActiveCfg = Release|x64
		{15B80991-EC89-4C73-99BD-FB7DCF76A8D6}.Release|x64.Build.0 = Release|x64
		{D688BBF1-48D3-44D0-A729-4E941A9743B1}.Debug|x64.ActiveCfg = Debug|x64
		{D688BBF1-48D3-44D0-A729-4E941A9743B1}.Debug|x64.Build.0 = Debug|x64
		{D688BBF1-48D3-44D0-A729-4E941A9743B1}.Release|x64.ActiveCfg = Release|x64
		{D688BBF1-48D3-44D0-A729-4E941A9743B1}.Release|x64.Build.0 = Release|x64
		{3D10096F-5576-4E51-AD70-BD20D928F2C1}.Debug|x64.ActiveCfg = Debug|x64
		{3D10096F-5576-4E51-AD70-BD20D928F2C1}.Debug|x64.Build.0 = Debug|x64
		{3D10096F-5576-4E51-AD70-BD20D928F2C1}.Release|x64.ActiveCfg = Release|x64
		{3D10096F-5576-4E51-AD70-BD20D928F2C1}.Release|x64.Build.0 = Release|x64
		{B99B4005-B018-4524-960D-058CE7948837}.Debug|x64.ActiveCfg = Debug|x64
		{B99B4005-B018-4524-960D-058CE7948837}.Debug|x64.Build.0 = Debug|x64
		{B99B4005-B018-4524-960D-058CE7948837}.Release|x64.ActiveCfg = Release|x64
		{B99B4005-B018-4524-960D-058CE7948837}.Release|x64.Build.0 = Release|x64
		{4A0B6C86-59E7-413F-9D58-9DE7FA3CA850}.Debug|x64.ActiveCfg = Debug|x64
		{4A0B6C86-59E7-413F-9D58-9DE7FA3CA850}.Debug|x64.Build.0 = Debug|x64
		{4A0B6C86-59E7-413F-9D58-9DE7FA3CA850}.Release|x64.ActiveCfg = Release|x64
		{4A0B6C86-59E7-413F-9D58-9DE7FA3CA850}.Release|x64.Build.0 = Release|x64
		{480AFB8C-F319-425E-A50E-DC877A12AC87}.Debug|x64.ActiveCfg = Debug|x64
		{480AFB8C-F319-425E-A50E-DC877A12AC87}.Debug|x64.Build.0 = Debug|x64
		{480AFB8C-F319-425E-A50E-DC877A12AC87}.Release|x64.ActiveCfg = Release|x64
		{480AFB8C-F319-425E-A50E-DC877A12AC87}.Release|x64.Build.0 = Release|x64
	EndGlobalSection
	GlobalSection(SolutionProperties) = preSolution
		HideSolutionNode = FALSE
	EndGlobalSection
	GlobalSection(NestedProjects) = preSolution
		{B99B4005-B018-4524-960D-058CE7948837} = {32EE362B-EDE9-49FE-93D3-B72D4B3228A1}
		{480AFB8C-F319-425E-A50E-DC877A12AC87} = {32EE362B-EDE9-49FE-93D3-B72D4B3228A1}
	EndGlobalSection
	GlobalSection(ExtensibilityGlobals) = postSolution
		SolutionGuid = {F633C8E5-4849-4385-8482-1EE7166D39CF}
	EndGlobalSection
EndGlobal
